# THIS IS AN AUTOGENERATED FILE. DO NOT EDIT THIS FILE DIRECTLY.
# yarn lockfile v1


bootstrap-4@^4.0.0:
  version "4.0.0"
  resolved "https://registry.yarnpkg.com/bootstrap-4/-/bootstrap-4-4.0.0.tgz#14ec175ff5565d838bc297be8cdede61210c7041"
  integrity sha1-FOwXX/VWXYOLwpe+jN7eYSEMcEE=
  dependencies:
    bootstrap "^4.0.0-alpha.6"

bootstrap@^4.0.0-alpha.6:
  version "4.3.1"
  resolved "https://registry.yarnpkg.com/bootstrap/-/bootstrap-4.3.1.tgz#280ca8f610504d99d7b6b4bfc4b68cec601704ac"
  integrity sha512-rXqOmH1VilAt2DyPzluTi2blhk17bO7ef+zLLPlWvG494pDxcM234pJ8wTc/6R40UWizAIIMgxjvxZg5kmsbag==
